Microsoft Visual Studio Solution File, Format Version 12.00
# Visual Studio Version 17
VisualStudioVersion = 17.5.2.0
MinimumVisualStudioVersion = 10.0.40219.1
Project("{FAE04EC0-301F-11D3-BF4B-00C04F79EFBC}") = "RazorPagesEvents", "RazorPagesEvents.csproj", "{61C511A0-DD63-CC90-AC71-22E17EBB11E2}"
EndProject
Global
	GlobalSection(SolutionConfigurationPlatforms) = preSolution
		Debug|Any CPU = Debug|Any CPU
		Release|Any CPU = Release|Any CPU
	EndGlobalSection
	GlobalSection(ProjectConfigurationPlatforms) = postSolution
		{61C511A0-DD63-CC90-AC71-22E17EBB11E2}.Debug|Any CPU.ActiveCfg = Debug|Any CPU
		{61C511A0-DD63-CC90-AC71-22E17EBB11E2}.Debug|Any CPU.Build.0 = Debug|Any CPU
		{61C511A0-DD63-CC90-AC71-22E17EBB11E2}.Release|Any CPU.ActiveCfg = Release|Any CPU
		{61C511A0-DD63-CC90-AC71-22E17EBB11E2}.Release|Any CPU.Build.0 = Release|Any CPU
	EndGlobalSection
	GlobalSection(SolutionProperties) = preSolution
		HideSolutionNode = FALSE
	EndGlobalSection
	GlobalSection(ExtensibilityGlobals) = postSolution
		SolutionGuid = {EE9C0F04-338A-4CD7-85E1-5F39C933053A}
	EndGlobalSection
EndGlobal
